// !$*UTF8*$!
{
	archiveVersion = 1;
	classes = {
	};
	objectVersion = 46;
	objects = {

/* Begin PBXBuildFile section */
		D508B7491C27976500CAC782 /* MessagesModel.m in Sources */ = {isa = PBXBuildFile; fileRef = D508B7481C27976500CAC782 /* MessagesModel.m */; };
		D508B74C1C27979A00CAC782 /* NSArray+Log.m in Sources */ = {isa = PBXBuildFile; fileRef = D508B74B1C27979A00CAC782 /* NSArray+Log.m */; };
		D508B74F1C27A5D700CAC782 /* MessageToolBarView.m in Sources */ = {isa = PBXBuildFile; fileRef = D508B74E1C27A5D700CAC782 /* MessageToolBarView.m */; };
		D533CB571C29976F00C38177 /* autoReplay.plist in Resources */ = {isa = PBXBuildFile; fileRef = D533CB561C29976F00C38177 /* autoReplay.plist */; };
		D56AAC001C26F05100164929 /* ChartMassageViewController.m in Sources */ = {isa = PBXBuildFile; fileRef = D56AABFF1C26F05100164929 /* ChartMassageViewController.m */; };
		D56AAC021C26F8BC00164929 /* messages.plist in Resources */ = {isa = PBXBuildFile; fileRef = D56AAC011C26F8BC00164929 /* messages.plist */; };
		D587541F1C28E4D800FCD44D /* MessageTableViewCell.m in Sources */ = {isa = PBXBuildFile; fileRef = D587541E1C28E4D800FCD44D /* MessageTableViewCell.m */; };
		D58754221C28F4F400FCD44D /* MessageFrameModel.m in Sources */ = {isa = PBXBuildFile; fileRef = D58754211C28F4F400FCD44D /* MessageFrameModel.m */; };
		D58754251C29331F00FCD44D /* UIImage+Resize.m in Sources */ = {isa = PBXBuildFile; fileRef = D58754241C29331F00FCD44D /* UIImage+Resize.m */; };
		D5A916D41C23F544007D7795 /* Assets.xcassets in Resources */ = {isa = PBXBuildFile; fileRef = D5A916D31C23F544007D7795 /* Assets.xcassets */; };
		D5A916E21C23F544007D7795 /* _0151218001_UITableViewController_QQMessageViewTests.m in Sources */ = {isa = PBXBuildFile; fileRef = D5A916E11C23F544007D7795 /* _0151218001_UITableViewController_QQMessageViewTests.m */; };
		D5A916ED1C23F544007D7795 /* _0151218001_UITableViewController_QQMessageViewUITests.m in Sources */ = {isa = PBXBuildFile; fileRef = D5A916EC1C23F544007D7795 /* _0151218001_UITableViewController_QQMessageViewUITests.m */; };
		D5A917051C23FB7D007D7795 /* ViewController.m in Sources */ = {isa = PBXBuildFile; fileRef = D5A916FD1C23FB7D007D7795 /* ViewController.m */; };
		D5A917061C23FB7D007D7795 /* AppDelegate.m in Sources */ = {isa = PBXBuildFile; fileRef = D5A917011C23FB7D007D7795 /* AppDelegate.m */; };
		D5A917071C23FB7D007D7795 /* main.m in Sources */ = {isa = PBXBuildFile; fileRef = D5A917021C23FB7D007D7795 /* main.m */; };
		D5A9170D1C23FB93007D7795 /* Info.plist in Resources */ = {isa = PBXBuildFile; fileRef = D5A9170C1C23FB93007D7795 /* Info.plist */; };
/* End PBXBuildFile section */

/* Begin PBXContainerItemProxy section */
		D5A916DE1C23F544007D7795 /* PBXContainerItemProxy */ = {
			isa = PBXContainerItemProxy;
			containerPortal = D5A916BC1C23F543007D7795 /* Project object */;
			proxyType = 1;
			remoteGlobalIDString = D5A916C31C23F543007D7795;
			remoteInfo = "20151218001-UITableViewController-QQMessageView";
		};
		D5A916E91C23F544007D7795 /* PBXContainerItemProxy */ = {
			isa = PBXContainerItemProxy;
			containerPortal = D5A916BC1C23F543007D7795 /* Project object */;
			proxyType = 1;
			remoteGlobalIDString = D5A916C31C23F543007D7795;
			remoteInfo = "20151218001-UITableViewController-QQMessageView";
		};
/* End PBXContainerItemProxy section */

/* Begin PBXFileReference section */
		D508B7471C27976500CAC782 /* MessagesModel.h */ = {isa = PBXFileReference; fileEncoding = 4; lastKnownFileType = sourcecode.c.h; path = MessagesModel.h; sourceTree = "<group>"; };
		D508B7481C27976500CAC782 /* MessagesModel.m */ = {isa = PBXFileReference; fileEncoding = 4; lastKnownFileType = sourcecode.c.objc; path = MessagesModel.m; sourceTree = "<group>"; };
		D508B74A1C27979A00CAC782 /* NSArray+Log.h */ = {isa = PBXFileReference; fileEncoding = 4; lastKnownFileType = sourcecode.c.h; path = "NSArray+Log.h"; sourceTree = "<group>"; };
		D508B74B1C27979A00CAC782 /* NSArray+Log.m */ = {isa = PBXFileReference; fileEncoding = 4; lastKnownFileType = sourcecode.c.objc; path = "NSArray+Log.m"; sourceTree = "<group>"; };
		D508B74D1C27A5D700CAC782 /* MessageToolBarView.h */ = {isa = PBXFileReference; fileEncoding = 4; lastKnownFileType = sourcecode.c.h; path = MessageToolBarView.h; sourceTree = "<group>"; };
		D508B74E1C27A5D700CAC782 /* MessageToolBarView.m */ = {isa = PBXFileReference; fileEncoding = 4; lastKnownFileType = sourcecode.c.objc; path = MessageToolBarView.m; sourceTree = "<group>"; };
		D533CB561C29976F00C38177 /* autoReplay.plist */ = {isa = PBXFileReference; fileEncoding = 4; lastKnownFileType = text.plist.xml; path = autoReplay.plist; sourceTree = "<group>"; };
		D56AABFE1C26F05100164929 /* ChartMassageViewController.h */ = {isa = PBXFileReference; fileEncoding = 4; lastKnownFileType = sourcecode.c.h; path = ChartMassageViewController.h; sourceTree = "<group>"; };
		D56AABFF1C26F05100164929 /* ChartMassageViewController.m */ = {isa = PBXFileReference; fileEncoding = 4; lastKnownFileType = sourcecode.c.objc; path = ChartMassageViewController.m; sourceTree = "<group>"; };
		D56AAC011C26F8BC00164929 /* messages.plist */ = {isa = PBXFileReference; fileEncoding = 4; lastKnownFileType = text.plist.xml; path = messages.plist; sourceTree = "<group>"; };
		D587541D1C28E4D800FCD44D /* MessageTableViewCell.h */ = {isa = PBXFileReference; fileEncoding = 4; lastKnownFileType = sourcecode.c.h; path = MessageTableViewCell.h; sourceTree = "<group>"; };
		D587541E1C28E4D800FCD44D /* MessageTableViewCell.m */ = {isa = PBXFileReference; fileEncoding = 4; lastKnownFileType = sourcecode.c.objc; path = MessageTableViewCell.m; sourceTree = "<group>"; };
		D58754201C28F4F400FCD44D /* MessageFrameModel.h */ = {isa = PBXFileReference; fileEncoding = 4; lastKnownFileType = sourcecode.c.h; path = MessageFrameModel.h; sourceTree = "<group>"; };
		D58754211C28F4F400FCD44D /* MessageFrameModel.m */ = {isa = PBXFileReference; fileEncoding = 4; lastKnownFileType = sourcecode.c.objc; path = MessageFrameModel.m; sourceTree = "<group>"; };
		D58754231C29331F00FCD44D /* UIImage+Resize.h */ = {isa = PBXFileReference; fileEncoding = 4; lastKnownFileType = sourcecode.c.h; path = "UIImage+Resize.h"; sourceTree = "<group>"; };
		D58754241C29331F00FCD44D /* UIImage+Resize.m */ = {isa = PBXFileReference; fileEncoding = 4; lastKnownFileType = sourcecode.c.objc; path = "UIImage+Resize.m"; sourceTree = "<group>"; };
		D5A916C41C23F543007D7795 /* 20151218001-UITableViewController-QQMessageView.app */ = {isa = PBXFileReference; explicitFileType = wrapper.application; includeInIndex = 0; path = "20151218001-UITableViewController-QQMessageView.app"; sourceTree = BUILT_PRODUCTS_DIR; };
		D5A916D31C23F544007D7795 /* Assets.xcassets */ = {isa = PBXFileReference; lastKnownFileType = folder.assetcatalog; path = Assets.xcassets; sourceTree = "<group>"; };
		D5A916DD1C23F544007D7795 /* 20151218001-UITableViewController-QQMessageViewTests.xctest */ = {isa = PBXFileReference; explicitFileType = wrapper.cfbundle; includeInIndex = 0; path = "20151218001-UITableViewController-QQMessageViewTests.xctest"; sourceTree = BUILT_PRODUCTS_DIR; };
		D5A916E11C23F544007D7795 /* _0151218001_UITableViewController_QQMessageViewTests.m */ = {isa = PBXFileReference; lastKnownFileType = sourcecode.c.objc; path = _0151218001_UITableViewController_QQMessageViewTests.m; sourceTree = "<group>"; };
		D5A916E31C23F544007D7795 /* Info.plist */ = {isa = PBXFileReference; lastKnownFileType = text.plist.xml; path = Info.plist; sourceTree = "<group>"; };
		D5A916E81C23F544007D7795 /* 20151218001-UITableViewController-QQMessageViewUITests.xctest */ = {isa = PBXFileReference; explicitFileType = wrapper.cfbundle; includeInIndex = 0; path = "20151218001-UITableViewController-QQMessageViewUITests.xctest"; sourceTree = BUILT_PRODUCTS_DIR; };
		D5A916EC1C23F544007D7795 /* _0151218001_UITableViewController_QQMessageViewUITests.m */ = {isa = PBXFileReference; lastKnownFileType = sourcecode.c.objc; path = _0151218001_UITableViewController_QQMessageViewUITests.m; sourceTree = "<group>"; };
		D5A916EE1C23F544007D7795 /* Info.plist */ = {isa = PBXFileReference; lastKnownFileType = text.plist.xml; path = Info.plist; sourceTree = "<group>"; };
		D5A916FC1C23FB7D007D7795 /* ViewController.h */ = {isa = PBXFileReference; fileEncoding = 4; lastKnownFileType = sourcecode.c.h; path = ViewController.h; sourceTree = "<group>"; };
		D5A916FD1C23FB7D007D7795 /* ViewController.m */ = {isa = PBXFileReference; fileEncoding = 4; lastKnownFileType = sourcecode.c.objc; path = ViewController.m; sourceTree = "<group>"; };
		D5A917001C23FB7D007D7795 /* AppDelegate.h */ = {isa = PBXFileReference; fileEncoding = 4; lastKnownFileType = sourcecode.c.h; path = AppDelegate.h; sourceTree = "<group>"; };
		D5A917011C23FB7D007D7795 /* AppDelegate.m */ = {isa = PBXFileReference; fileEncoding = 4; lastKnownFileType = sourcecode.c.objc; path = AppDelegate.m; sourceTree = "<group>"; };
		D5A917021C23FB7D007D7795 /* main.m */ = {isa = PBXFileReference; fileEncoding = 4; lastKnownFileType = sourcecode.c.objc; path = main.m; sourceTree = "<group>"; };
		D5A9170C1C23FB93007D7795 /* Info.plist */ = {isa = PBXFileReference; fileEncoding = 4; lastKnownFileType = text.plist.xml; path = Info.plist; sourceTree = "<group>"; };
/* End PBXFileReference section */

/* Begin PBXFrameworksBuildPhase section */
		D5A916C11C23F543007D7795 /* Frameworks */ = {
			isa = PBXFrameworksBuildPhase;
			buildActionMask = 2147483647;
			files = (
			);
			runOnlyForDeploymentPostprocessing = 0;
		};
		D5A916DA1C23F544007D7795 /* Frameworks */ = {
			isa = PBXFrameworksBuildPhase;
			buildActionMask = 2147483647;
			files = (
			);
			runOnlyForDeploymentPostprocessing = 0;
		};
		D5A916E51C23F544007D7795 /* Frameworks */ = {
			isa = PBXFrameworksBuildPhase;
			buildActionMask = 2147483647;
			files = (
			);
			runOnlyForDeploymentPostprocessing = 0;
		};
/* End PBXFrameworksBuildPhase section */

/* Begin PBXGroup section */
		D5A916BB1C23F543007D7795 = {
			isa = PBXGroup;
			children = (
				D5A916C61C23F544007D7795 /* 20151218001-UITableViewController-QQMessageView */,
				D5A916E01C23F544007D7795 /* 20151218001-UITableViewController-QQMessageViewTests */,
				D5A916EB1C23F544007D7795 /* 20151218001-UITableViewController-QQMessageViewUITests */,
				D5A916C51C23F543007D7795 /* Products */,
			);
			sourceTree = "<group>";
		};
		D5A916C51C23F543007D7795 /* Products */ = {
			isa = PBXGroup;
			children = (
				D5A916C41C23F543007D7795 /* 20151218001-UITableViewController-QQMessageView.app */,
				D5A916DD1C23F544007D7795 /* 20151218001-UITableViewController-QQMessageViewTests.xctest */,
				D5A916E81C23F544007D7795 /* 20151218001-UITableViewController-QQMessageViewUITests.xctest */,
			);
			name = Products;
			sourceTree = "<group>";
		};
		D5A916C61C23F544007D7795 /* 20151218001-UITableViewController-QQMessageView */ = {
			isa = PBXGroup;
			children = (
				D5A916FA1C23FB7D007D7795 /* Classes */,
				D5A916C71C23F544007D7795 /* Supporting Files */,
			);
			path = "20151218001-UITableViewController-QQMessageView";
			sourceTree = "<group>";
		};
		D5A916C71C23F544007D7795 /* Supporting Files */ = {
			isa = PBXGroup;
			children = (
				D5A916D31C23F544007D7795 /* Assets.xcassets */,
				D5A917081C23FB93007D7795 /* Resources */,
			);
			name = "Supporting Files";
			sourceTree = "<group>";
		};
		D5A916E01C23F544007D7795 /* 20151218001-UITableViewController-QQMessageViewTests */ = {
			isa = PBXGroup;
			children = (
				D5A916E11C23F544007D7795 /* _0151218001_UITableViewController_QQMessageViewTests.m */,
				D5A916E31C23F544007D7795 /* Info.plist */,
			);
			path = "20151218001-UITableViewController-QQMessageViewTests";
			sourceTree = "<group>";
		};
		D5A916EB1C23F544007D7795 /* 20151218001-UITableViewController-QQMessageViewUITests */ = {
			isa = PBXGroup;
			children = (
				D5A916EC1C23F544007D7795 /* _0151218001_UITableViewController_QQMessageViewUITests.m */,
				D5A916EE1C23F544007D7795 /* Info.plist */,
			);
			path = "20151218001-UITableViewController-QQMessageViewUITests";
			sourceTree = "<group>";
		};
		D5A916FA1C23FB7D007D7795 /* Classes */ = {
			isa = PBXGroup;
			children = (
				D5A916FB1C23FB7D007D7795 /* Controllers */,
				D5A916FE1C23FB7D007D7795 /* Models */,
				D5A916FF1C23FB7D007D7795 /* Others */,
				D5A917031C23FB7D007D7795 /* Utils */,
				D5A917041C23FB7D007D7795 /* Views */,
			);
			path = Classes;
			sourceTree = "<group>";
		};
		D5A916FB1C23FB7D007D7795 /* Controllers */ = {
			isa = PBXGroup;
			children = (
				D5A916FC1C23FB7D007D7795 /* ViewController.h */,
				D5A916FD1C23FB7D007D7795 /* ViewController.m */,
				D56AABFE1C26F05100164929 /* ChartMassageViewController.h */,
				D56AABFF1C26F05100164929 /* ChartMassageViewController.m */,
			);
			path = Controllers;
			sourceTree = "<group>";
		};
		D5A916FE1C23FB7D007D7795 /* Models */ = {
			isa = PBXGroup;
			children = (
				D508B7471C27976500CAC782 /* MessagesModel.h */,
				D508B7481C27976500CAC782 /* MessagesModel.m */,
				D58754201C28F4F400FCD44D /* MessageFrameModel.h */,
				D58754211C28F4F400FCD44D /* MessageFrameModel.m */,
			);
			path = Models;
			sourceTree = "<group>";
		};
		D5A916FF1C23FB7D007D7795 /* Others */ = {
			isa = PBXGroup;
			children = (
				D5A917001C23FB7D007D7795 /* AppDelegate.h */,
				D5A917011C23FB7D007D7795 /* AppDelegate.m */,
				D5A917021C23FB7D007D7795 /* main.m */,
			);
			path = Others;
			sourceTree = "<group>";
		};
		D5A917031C23FB7D007D7795 /* Utils */ = {
			isa = PBXGroup;
			children = (
				D508B74A1C27979A00CAC782 /* NSArray+Log.h */,
				D508B74B1C27979A00CAC782 /* NSArray+Log.m */,
				D58754231C29331F00FCD44D /* UIImage+Resize.h */,
				D58754241C29331F00FCD44D /* UIImage+Resize.m */,
			);
			path = Utils;
			sourceTree = "<group>";
		};
		D5A917041C23FB7D007D7795 /* Views */ = {
			isa = PBXGroup;
			children = (
				D508B74D1C27A5D700CAC782 /* MessageToolBarView.h */,
				D508B74E1C27A5D700CAC782 /* MessageToolBarView.m */,
				D587541D1C28E4D800FCD44D /* MessageTableViewCell.h */,
				D587541E1C28E4D800FCD44D /* MessageTableViewCell.m */,
			);
			path = Views;
			sourceTree = "<group>";
		};
		D5A917081C23FB93007D7795 /* Resources */ = {
			isa = PBXGroup;
			children = (
				D5A917091C23FB93007D7795 /* Contents */,
				D5A9170A1C23FB93007D7795 /* Images */,
				D5A9170B1C23FB93007D7795 /* Plists */,
			);
			path = Resources;
			sourceTree = "<group>";
		};
		D5A917091C23FB93007D7795 /* Contents */ = {
			isa = PBXGroup;
			children = (
			);
			path = Contents;
			sourceTree = "<group>";
		};
		D5A9170A1C23FB93007D7795 /* Images */ = {
			isa = PBXGroup;
			children = (
			);
			path = Images;
			sourceTree = "<group>";
		};
		D5A9170B1C23FB93007D7795 /* Plists */ = {
			isa = PBXGroup;
			children = (
				D533CB561C29976F00C38177 /* autoReplay.plist */,
				D56AAC011C26F8BC00164929 /* messages.plist */,
				D5A9170C1C23FB93007D7795 /* Info.plist */,
			);
			path = Plists;
			sourceTree = "<group>";
		};
/* End PBXGroup section */

/* Begin PBXNativeTarget section */
		D5A916C31C23F543007D7795 /* 20151218001-UITableViewController-QQMessageView */ = {
			isa = PBXNativeTarget;
			buildConfigurationList = D5A916F11C23F544007D7795 /* Build configuration list for PBXNativeTarget "20151218001-UITableViewController-QQMessageView" */;
			buildPhases = (
				D5A916C01C23F543007D7795 /* Sources */,
				D5A916C11C23F543007D7795 /* Frameworks */,
				D5A916C21C23F543007D7795 /* Resources */,
			);
			buildRules = (
			);
			dependencies = (
			);
			name = "20151218001-UITableViewController-QQMessageView";
			productName = "20151218001-UITableViewController-QQMessageView";
			productReference = D5A916C41C23F543007D7795 /* 20151218001-UITableViewController-QQMessageView.app */;
			productType = "com.apple.product-type.application";
		};
		D5A916DC1C23F544007D7795 /* 20151218001-UITableViewController-QQMessageViewTests */ = {
			isa = PBXNativeTarget;
			buildConfigurationList = D5A916F41C23F544007D7795 /* Build configuration list for PBXNativeTarget "20151218001-UITableViewController-QQMessageViewTests" */;
			buildPhases = (
				D5A916D91C23F544007D7795 /* Sources */,
				D5A916DA1C23F544007D7795 /* Frameworks */,
				D5A916DB1C23F544007D7795 /* Resources */,
			);
			buildRules = (
			);
			dependencies = (
				D5A916DF1C23F544007D7795 /* PBXTargetDependency */,
			);
			name = "20151218001-UITableViewController-QQMessageViewTests";
			productName = "20151218001-UITableViewController-QQMessageViewTests";
			productReference = D5A916DD1C23F544007D7795 /* 20151218001-UITableViewController-QQMessageViewTests.xctest */;
			productType = "com.apple.product-type.bundle.unit-test";
		};
		D5A916E71C23F544007D7795 /* 20151218001-UITableViewController-QQMessageViewUITests */ = {
			isa = PBXNativeTarget;
			buildConfigurationList = D5A916F71C23F544007D7795 /* Build configuration list for PBXNativeTarget "20151218001-UITableViewController-QQMessageViewUITests" */;
			buildPhases = (
				D5A916E41C23F544007D7795 /* Sources */,
				D5A916E51C23F544007D7795 /* Frameworks */,
				D5A916E61C23F544007D7795 /* Resources */,
			);
			buildRules = (
			);
			dependencies = (
				D5A916EA1C23F544007D7795 /* PBXTargetDependency */,
			);
			name = "20151218001-UITableViewController-QQMessageViewUITests";
			productName = "20151218001-UITableViewController-QQMessageViewUITests";
			productReference = D5A916E81C23F544007D7795 /* 20151218001-UITableViewController-QQMessageViewUITests.xctest */;
			productType = "com.apple.product-type.bundle.ui-testing";
		};
/* End PBXNativeTarget section */

/* Begin PBXProject section */
		D5A916BC1C23F543007D7795 /* Project object */ = {
			isa = PBXProject;
			attributes = {
				LastUpgradeCheck = 0710;
				ORGANIZATIONNAME = Rainer;
				TargetAttributes = {
					D5A916C31C23F543007D7795 = {
						CreatedOnToolsVersion = 7.1;
					};
					D5A916DC1C23F544007D7795 = {
						CreatedOnToolsVersion = 7.1;
						TestTargetID = D5A916C31C23F543007D7795;
					};
					D5A916E71C23F544007D7795 = {
						CreatedOnToolsVersion = 7.1;
						TestTargetID = D5A916C31C23F543007D7795;
					};
				};
			};
			buildConfigurationList = D5A916BF1C23F543007D7795 /* Build configuration list for PBXProject "20151218001-UITableViewController-QQMessageView" */;
			compatibilityVersion = "Xcode 3.2";
			developmentRegion = English;
			hasScannedForEncodings = 0;
			knownRegions = (
				en,
				Base,
			);
			mainGroup = D5A916BB1C23F543007D7795;
			productRefGroup = D5A916C51C23F543007D7795 /* Products */;
			projectDirPath = "";
			projectRoot = "";
			targets = (
				D5A916C31C23F543007D7795 /* 20151218001-UITableViewController-QQMessageView */,
				D5A916DC1C23F544007D7795 /* 20151218001-UITableViewController-QQMessageViewTests */,
				D5A916E71C23F544007D7795 /* 20151218001-UITableViewController-QQMessageViewUITests */,
			);
		};
/* End PBXProject section */

/* Begin PBXResourcesBuildPhase section */
		D5A916C21C23F543007D7795 /* Resources */ = {
			isa = PBXResourcesBuildPhase;
			buildActionMask = 2147483647;
			files = (
				D533CB571C29976F00C38177 /* autoReplay.plist in Resources */,
				D5A9170D1C23FB93007D7795 /* Info.plist in Resources */,
				D5A916D41C23F544007D7795 /* Assets.xcassets in Resources */,
				D56AAC021C26F8BC00164929 /* messages.plist in Resources */,
			);
			runOnlyForDeploymentPostprocessing = 0;
		};
		D5A916DB1C23F544007D7795 /* Resources */ = {
			isa = PBXResourcesBuildPhase;
			buildActionMask = 2147483647;
			files = (
			);
			runOnlyForDeploymentPostprocessing = 0;
		};
		D5A916E61C23F544007D7795 /* Resources */ = {
			isa = PBXResourcesBuildPhase;
			buildActionMask = 2147483647;
			files = (
			);
			runOnlyForDeploymentPostprocessing = 0;
		};
/* End PBXResourcesBuildPhase section */

/* Begin PBXSourcesBuildPhase section */
		D5A916C01C23F543007D7795 /* Sources */ = {
			isa = PBXSourcesBuildPhase;
			buildActionMask = 2147483647;
			files = (
				D58754221C28F4F400FCD44D /* MessageFrameModel.m in Sources */,
				D5A917051C23FB7D007D7795 /* ViewController.m in Sources */,
				D587541F1C28E4D800FCD44D /* MessageTableViewCell.m in Sources */,
				D56AAC001C26F05100164929 /* ChartMassageViewController.m in Sources */,
				D5A917071C23FB7D007D7795 /* main.m in Sources */,
				D508B74F1C27A5D700CAC782 /* MessageToolBarView.m in Sources */,
				D508B74C1C27979A00CAC782 /* NSArray+Log.m in Sources */,
				D508B7491C27976500CAC782 /* MessagesModel.m in Sources */,
				D5A917061C23FB7D007D7795 /* AppDelegate.m in Sources */,
				D58754251C29331F00FCD44D /* UIImage+Resize.m in Sources */,
			);
			runOnlyForDeploymentPostprocessing = 0;
		};
		D5A916D91C23F544007D7795 /* Sources */ = {
			isa = PBXSourcesBuildPhase;
			buildActionMask = 2147483647;
			files = (
				D5A916E21C23F544007D7795 /* _0151218001_UITableViewController_QQMessageViewTests.m in Sources */,
			);
			runOnlyForDeploymentPostprocessing = 0;
		};
		D5A916E41C23F544007D7795 /* Sources */ = {
			isa = PBXSourcesBuildPhase;
			buildActionMask = 2147483647;
			files = (
				D5A916ED1C23F544007D7795 /* _0151218001_UITableViewController_QQMessageViewUITests.m in Sources */,
			);
			runOnlyForDeploymentPostprocessing = 0;
		};
/* End PBXSourcesBuildPhase section */

/* Begin PBXTargetDependency section */
		D5A916DF1C23F544007D7795 /* PBXTargetDependency */ = {
			isa = PBXTargetDependency;
			target = D5A916C31C23F543007D7795 /* 20151218001-UITableViewController-QQMessageView */;
			targetProxy = D5A916DE1C23F544007D7795 /* PBXContainerItemProxy */;
		};
		D5A916EA1C23F544007D7795 /* PBXTargetDependency */ = {
			isa = PBXTargetDependency;
			target = D5A916C31C23F543007D7795 /* 20151218001-UITableViewController-QQMessageView */;
			targetProxy = D5A916E91C23F544007D7795 /* PBXContainerItemProxy */;
		};
/* End PBXTargetDependency section */

/* Begin XCBuildConfiguration section */
		D5A916EF1C23F544007D7795 /* Debug */ = {
			isa = XCBuildConfiguration;
			buildSettings = {
				ALWAYS_SEARCH_USER_PATHS = NO;
				CLANG_CXX_LANGUAGE_STANDARD = "gnu++0x";
				CLANG_CXX_LIBRARY = "libc++";
				CLANG_ENABLE_MODULES = YES;
				CLANG_ENABLE_OBJC_ARC = YES;
				CLANG_WARN_BOOL_CONVERSION = YES;
				CLANG_WARN_CONSTANT_CONVERSION = YES;
				CLANG_WARN_DIRECT_OBJC_ISA_USAGE = YES_ERROR;
				CLANG_WARN_EMPTY_BODY = YES;
				CLANG_WARN_ENUM_CONVERSION = YES;
				CLANG_WARN_INT_CONVERSION = YES;
				CLANG_WARN_OBJC_ROOT_CLASS = YES_ERROR;
				CLANG_WARN_UNREACHABLE_CODE = YES;
				CLANG_WARN__DUPLICATE_METHOD_MATCH = YES;
				CODE_SIGN_IDENTITY = "iPhone Developer: jinlei_yue@163.com (DHEA4F8HEJ)";
				"CODE_SIGN_IDENTITY[sdk=iphoneos*]" = "iPhone Developer: jinlei_yue@163.com (DHEA4F8HEJ)";
				COPY_PHASE_STRIP = NO;
				DEBUG_INFORMATION_FORMAT = dwarf;
				ENABLE_STRICT_OBJC_MSGSEND = YES;
				ENABLE_TESTABILITY = YES;
				GCC_C_LANGUAGE_STANDARD = gnu99;
				GCC_DYNAMIC_NO_PIC = NO;
				GCC_NO_COMMON_BLOCKS = YES;
				GCC_OPTIMIZATION_LEVEL = 0;
				GCC_PREPROCESSOR_DEFINITIONS = (
					"DEBUG=1",
					"$(inherited)",
				);
				GCC_WARN_64_TO_32_BIT_CONVERSION = YES;
				GCC_WARN_ABOUT_RETURN_TYPE = YES_ERROR;
				GCC_WARN_UNDECLARED_SELECTOR = YES;
				GCC_WARN_UNINITIALIZED_AUTOS = YES_AGGRESSIVE;
				GCC_WARN_UNUSED_FUNCTION = YES;
				GCC_WARN_UNUSED_VARIABLE = YES;
				INFOPLIST_FILE = "20151218001-UITableViewController-QQMessageView/Resources/Plists/Info.plist";
				IPHONEOS_DEPLOYMENT_TARGET = 9.1;
				MTL_ENABLE_DEBUG_INFO = YES;
				ONLY_ACTIVE_ARCH = YES;
				PROVISIONING_PROFILE = "dc861c4d-8c9b-4a95-8485-227ba4cfcac1";
				SDKROOT = iphoneos;
			};
			name = Debug;
		};
		D5A916F01C23F544007D7795 /* Release */ = {
			isa = XCBuildConfiguration;
			buildSettings = {
				ALWAYS_SEARCH_USER_PATHS = NO;
				CLANG_CXX_LANGUAGE_STANDARD = "gnu++0x";
				CLANG_CXX_LIBRARY = "libc++";
				CLANG_ENABLE_MODULES = YES;
				CLANG_ENABLE_OBJC_ARC = YES;
				CLANG_WARN_BOOL_CONVERSION = YES;
				CLANG_WARN_CONSTANT_CONVERSION = YES;
				CLANG_WARN_DIRECT_OBJC_ISA_USAGE = YES_ERROR;
				CLANG_WARN_EMPTY_BODY = YES;
				CLANG_WARN_ENUM_CONVERSION = YES;
				CLANG_WARN_INT_CONVERSION = YES;
				CLANG_WARN_OBJC_ROOT_CLASS = YES_ERROR;
				CLANG_WARN_UNREACHABLE_CODE = YES;
				CLANG_WARN__DUPLICATE_METHOD_MATCH = YES;
				CODE_SIGN_IDENTITY = "iPhone Developer: jinlei_yue@163.com (DHEA4F8HEJ)";
				"CODE_SIGN_IDENTITY[sdk=iphoneos*]" = "iPhone Developer: jinlei_yue@163.com (DHEA4F8HEJ)";
				COPY_PHASE_STRIP = NO;
				DEBUG_INFORMATION_FORMAT = "dwarf-with-dsym";
				ENABLE_NS_ASSERTIONS = NO;
				ENABLE_STRICT_OBJC_MSGSEND = YES;
				GCC_C_LANGUAGE_STANDARD = gnu99;
				GCC_NO_COMMON_BLOCKS = YES;
				GCC_WARN_64_TO_32_BIT_CONVERSION = YES;
				GCC_WARN_ABOUT_RETURN_TYPE = YES_ERROR;
				GCC_WARN_UNDECLARED_SELECTOR = YES;
				GCC_WARN_UNINITIALIZED_AUTOS = YES_AGGRESSIVE;
				GCC_WARN_UNUSED_FUNCTION = YES;
				GCC_WARN_UNUSED_VARIABLE = YES;
				INFOPLIST_FILE = "20151218001-UITableViewController-QQMessageView/Resources/Plists/Info.plist";
				IPHONEOS_DEPLOYMENT_TARGET = 9.1;
				MTL_ENABLE_DEBUG_INFO = NO;
				PROVISIONING_PROFILE = "dc861c4d-8c9b-4a95-8485-227ba4cfcac1";
				SDKROOT = iphoneos;
				VALIDATE_PRODUCT = YES;
			};
			name = Release;
		};
		D5A916F21C23F544007D7795 /* Debug */ = {
			isa = XCBuildConfiguration;
			buildSettings = {
				ASSETCATALOG_COMPILER_APPICON_NAME = AppIcon;
				ASSETCATALOG_COMPILER_LAUNCHIMAGE_NAME = LaunchImage;
				INFOPLIST_FILE = "20151218001-UITableViewController-QQMessageView/Resources/Plists/Info.plist";
				LD_RUNPATH_SEARCH_PATHS = "$(inherited) @executable_path/Frameworks";
				PRODUCT_BUNDLE_IDENTIFIER = "com.rainer.-0151218001-UITableViewController-QQMessageView";
				PRODUCT_NAME = "$(TARGET_NAME)";
			};
			name = Debug;
		};
		D5A916F31C23F544007D7795 /* Release */ = {
			isa = XCBuildConfiguration;
			buildSettings = {
				ASSETCATALOG_COMPILER_APPICON_NAME = AppIcon;
				ASSETCATALOG_COMPILER_LAUNCHIMAGE_NAME = LaunchImage;
				INFOPLIST_FILE = "20151218001-UITableViewController-QQMessageView/Resources/Plists/Info.plist";
				LD_RUNPATH_SEARCH_PATHS = "$(inherited) @executable_path/Frameworks";
				PRODUCT_BUNDLE_IDENTIFIER = "com.rainer.-0151218001-UITableViewController-QQMessageView";
				PRODUCT_NAME = "$(TARGET_NAME)";
			};
			name = Release;
		};
		D5A916F51C23F544007D7795 /* Debug */ = {
			isa = XCBuildConfiguration;
			buildSettings = {
				BUNDLE_LOADER = "$(TEST_HOST)";
				INFOPLIST_FILE = "20151218001-UITableViewController-QQMessageViewTests/Info.plist";
				LD_RUNPATH_SEARCH_PATHS = "$(inherited) @executable_path/Frameworks @loader_path/Frameworks";
				PRODUCT_BUNDLE_IDENTIFIER = "com.rainer.-0151218001-UITableViewController-QQMessageViewTests";
				PRODUCT_NAME = "$(TARGET_NAME)";
				TEST_HOST = "$(BUILT_PRODUCTS_DIR)/20151218001-UITableViewController-QQMessageView.app/20151218001-UITableViewController-QQMessageView";
			};
			name = Debug;
		};
		D5A916F61C23F544007D7795 /* Release */ = {
			isa = XCBuildConfiguration;
			buildSettings = {
				BUNDLE_LOADER = "$(TEST_HOST)";
				INFOPLIST_FILE = "20151218001-UITableViewController-QQMessageViewTests/Info.plist";
				LD_RUNPATH_SEARCH_PATHS = "$(inherited) @executable_path/Frameworks @loader_path/Frameworks";
				PRODUCT_BUNDLE_IDENTIFIER = "com.rainer.-0151218001-UITableViewController-QQMessageViewTests";
				PRODUCT_NAME = "$(TARGET_NAME)";
				TEST_HOST = "$(BUILT_PRODUCTS_DIR)/20151218001-UITableViewController-QQMessageView.app/20151218001-UITableViewController-QQMessageView";
			};
			name = Release;
		};
		D5A916F81C23F544007D7795 /* Debug */ = {
			isa = XCBuildConfiguration;
			buildSettings = {
				INFOPLIST_FILE = "20151218001-UITableViewController-QQMessageViewUITests/Info.plist";
				LD_RUNPATH_SEARCH_PATHS = "$(inherited) @executable_path/Frameworks @loader_path/Frameworks";
				PRODUCT_BUNDLE_IDENTIFIER = "com.rainer.-0151218001-UITableViewController-QQMessageViewUITests";
				PRODUCT_NAME = "$(TARGET_NAME)";
				TEST_TARGET_NAME = "20151218001-UITableViewController-QQMessageView";
				USES_XCTRUNNER = YES;
			};
			name = Debug;
		};
		D5A916F91C23F544007D7795 /* Release */ = {
			isa = XCBuildConfiguration;
			buildSettings = {
				INFOPLIST_FILE = "20151218001-UITableViewController-QQMessageViewUITests/Info.plist";
				LD_RUNPATH_SEARCH_PATHS = "$(inherited) @executable_path/Frameworks @loader_path/Frameworks";
				PRODUCT_BUNDLE_IDENTIFIER = "com.rainer.-0151218001-UITableViewController-QQMessageViewUITests";
				PRODUCT_NAME = "$(TARGET_NAME)";
				TEST_TARGET_NAME = "20151218001-UITableViewController-QQMessageView";
				USES_XCTRUNNER = YES;
			};
			name = Release;
		};
/* End XCBuildConfiguration section */

/* Begin XCConfigurationList section */
		D5A916BF1C23F543007D7795 /* Build configuration list for PBXProject "20151218001-UITableViewController-QQMessageView" */ = {
			isa = XCConfigurationList;
			buildConfigurations = (
				D5A916EF1C23F544007D7795 /* Debug */,
				D5A916F01C23F544007D7795 /* Release */,
			);
			defaultConfigurationIsVisible = 0;
			defaultConfigurationName = Release;
		};
		D5A916F11C23F544007D7795 /* Build configuration list for PBXNativeTarget "20151218001-UITableViewController-QQMessageView" */ = {
			isa = XCConfigurationList;
			buildConfigurations = (
				D5A916F21C23F544007D7795 /* Debug */,
				D5A916F31C23F544007D7795 /* Release */,
			);
			defaultConfigurationIsVisible = 0;
			defaultConfigurationName = Release;
		};
		D5A916F41C23F544007D7795 /* Build configuration list for PBXNativeTarget "20151218001-UITableViewController-QQMessageViewTests" */ = {
			isa = XCConfigurationList;
			buildConfigurations = (
				D5A916F51C23F544007D7795 /* Debug */,
				D5A916F61C23F544007D7795 /* Release */,
			);
			defaultConfigurationIsVisible = 0;
			defaultConfigurationName = Release;
		};
		D5A916F71C23F544007D7795 /* Build configuration list for PBXNativeTarget "20151218001-UITableViewController-QQMessageViewUITests" */ = {
			isa = XCConfigurationList;
			buildConfigurations = (
				D5A916F81C23F544007D7795 /* Debug */,
				D5A916F91C23F544007D7795 /* Release */,
			);
			defaultConfigurationIsVisible = 0;
			defaultConfigurationName = Release;
		};
/* End XCConfigurationList section */
	};
	rootObject = D5A916BC1C23F543007D7795 /* Project object */;
}
